
Microsoft Visual Studio Solution File, Format Version 12.00
# Visual Studio Version 17
VisualStudioVersion = 17.5.33530.505
MinimumVisualStudioVersion = 10.0.40219.1
Project("{FAE04EC0-301F-11D3-BF4B-00C04F79EFBC}") = "LETSGO", "LETSGO.csproj", "{1F5FD7ED-07BF-403D-B65C-0AB948D58CF2}"
EndProject
Global
	GlobalSection(SolutionConfigurationPlatforms) = preSolution
		Debug|Any CPU = Debug|Any CPU
		Release|Any CPU = Release|Any CPU
	EndGlobalSection
	GlobalSection(ProjectConfigurationPlatforms) = postSolution
		{1F5FD7ED-07BF-403D-B65C-0AB948D58CF2}.Debug|Any CPU.ActiveCfg = Debug|Any CPU
		{1F5FD7ED-07BF-403D-B65C-0AB948D58CF2}.Debug|Any CPU.Build.0 = Debug|Any CPU
		{1F5FD7ED-07BF-403D-B65C-0AB948D58CF2}.Release|Any CPU.ActiveCfg = Release|Any CPU
		{1F5FD7ED-07BF-403D-B65C-0AB948D58CF2}.Release|Any CPU.Build.0 = Release|Any CPU
	EndGlobalSection
	GlobalSection(SolutionProperties) = preSolution
		HideSolutionNode = FALSE
	EndGlobalSection
	GlobalSection(ExtensibilityGlobals) = postSolution
		SolutionGuid = {7640646B-C332-406E-919A-E496E930501D}
	EndGlobalSection
EndGlobal
